
Microsoft Visual Studio Solution File, Format Version 12.00
# Visual Studio Version 17
VisualStudioVersion = 17.0.31903.59
MinimumVisualStudioVersion = 10.0.40219.1
Project("{FAE04EC0-301F-11D3-BF4B-00C04F79EFBC}") = "catalogoProductos.Api", "catalogoProductos.Api\catalogoProductos.Api.csproj", "{02B706D7-996F-4724-A643-15CFC992AAA7}"
EndProject
Project("{FAE04EC0-301F-11D3-BF4B-00C04F79EFBC}") = "catalogoProductos.Application", "catalogoProductos.Application\catalogoProductos.Application.csproj", "{E991B40F-1DC2-4C1A-8553-81E6CEEA4232}"
EndProject
Project("{FAE04EC0-301F-11D3-BF4B-00C04F79EFBC}") = "catalogoProductos.Domain", "catalogoProductos.Domain\catalogoProductos.Domain.csproj", "{8CD2B9F5-8E3F-4C83-AA66-F747199C164C}"
EndProject
Project("{FAE04EC0-301F-11D3-BF4B-00C04F79EFBC}") = "catalogoProductos.Infrastructure", "catalogoProductos.Infrastructure\catalogoProductos.Infrastructure.csproj", "{6B83A08B-8157-4B67-98FD-4A57F1EA6704}"
EndProject
Project("{2150E333-8FDC-42A3-9474-1A3956D46DE8}") = "Solution Items", "Solution Items", "{3775C368-C9E6-4876-951D-9819397A6B16}"
	ProjectSection(SolutionItems) = preProject
		compose.yaml = compose.yaml
	EndProjectSection
EndProject
Global
	GlobalSection(SolutionConfigurationPlatforms) = preSolution
		Debug|Any CPU = Debug|Any CPU
		Release|Any CPU = Release|Any CPU
	EndGlobalSection
	GlobalSection(SolutionProperties) = preSolution
		HideSolutionNode = FALSE
	EndGlobalSection
	GlobalSection(ProjectConfigurationPlatforms) = postSolution
		{02B706D7-996F-4724-A643-15CFC992AAA7}.Debug|Any CPU.ActiveCfg = Debug|Any CPU
		{02B706D7-996F-4724-A643-15CFC992AAA7}.Debug|Any CPU.Build.0 = Debug|Any CPU
		{02B706D7-996F-4724-A643-15CFC992AAA7}.Release|Any CPU.ActiveCfg = Release|Any CPU
		{02B706D7-996F-4724-A643-15CFC992AAA7}.Release|Any CPU.Build.0 = Release|Any CPU
		{E991B40F-1DC2-4C1A-8553-81E6CEEA4232}.Debug|Any CPU.ActiveCfg = Debug|Any CPU
		{E991B40F-1DC2-4C1A-8553-81E6CEEA4232}.Debug|Any CPU.Build.0 = Debug|Any CPU
		{E991B40F-1DC2-4C1A-8553-81E6CEEA4232}.Release|Any CPU.ActiveCfg = Release|Any CPU
		{E991B40F-1DC2-4C1A-8553-81E6CEEA4232}.Release|Any CPU.Build.0 = Release|Any CPU
		{8CD2B9F5-8E3F-4C83-AA66-F747199C164C}.Debug|Any CPU.ActiveCfg = Debug|Any CPU
		{8CD2B9F5-8E3F-4C83-AA66-F747199C164C}.Debug|Any CPU.Build.0 = Debug|Any CPU
		{8CD2B9F5-8E3F-4C83-AA66-F747199C164C}.Release|Any CPU.ActiveCfg = Release|Any CPU
		{8CD2B9F5-8E3F-4C83-AA66-F747199C164C}.Release|Any CPU.Build.0 = Release|Any CPU
		{6B83A08B-8157-4B67-98FD-4A57F1EA6704}.Debug|Any CPU.ActiveCfg = Debug|Any CPU
		{6B83A08B-8157-4B67-98FD-4A57F1EA6704}.Debug|Any CPU.Build.0 = Debug|Any CPU
		{6B83A08B-8157-4B67-98FD-4A57F1EA6704}.Release|Any CPU.ActiveCfg = Release|Any CPU
		{6B83A08B-8157-4B67-98FD-4A57F1EA6704}.Release|Any CPU.Build.0 = Release|Any CPU
	EndGlobalSection
EndGlobal
